
Microsoft Visual Studio Solution File, Format Version 12.00
# Visual Studio 15
VisualStudioVersion = 15.0.28307.489
MinimumVisualStudioVersion = 10.0.40219.1
Project("{8BC9CEB8-8B4A-11D0-8D11-00A0C91BC942}") = "proj_linux", "proj_linux\proj_linux.vcxproj", "{83D50C55-FB4A-4482-B8B4-65420343DE3A}"
EndProject
Project("{8BC9CEB8-8B4A-11D0-8D11-00A0C91BC942}") = "proj_linux_dll", "proj_linux_dll\proj_linux_dll.vcxproj", "{B289B4EC-0AE9-41E8-B433-321E8762A430}"
EndProject
Project("{8BC9CEB8-8B4A-11D0-8D11-00A0C91BC942}") = "Game_Qzpj_androidLandy", "..\Game_Qzpj_androidLandy\Game_Qzpj_androidLandy.vcxproj", "{6DEC7E49-A3F1-4D83-9FFA-06B5A93E9EC2}"
EndProject
Project("{8BC9CEB8-8B4A-11D0-8D11-00A0C91BC942}") = "Game_QzpjLandy", "..\Game_QzpjLandy\Game_QzpjLandy.vcxproj", "{EF5FDDA7-597A-4702-8ADD-A6D4645A1046}"
EndProject
Project("{8BC9CEB8-8B4A-11D0-8D11-00A0C91BC942}") = "mongocxx", "mongocxx\mongocxx.vcxproj", "{6F6F75B8-42E5-441F-9451-73D45CC1BFDB}"
EndProject
Project("{8BC9CEB8-8B4A-11D0-8D11-00A0C91BC942}") = "GameServer", "GameServer\GameServer.vcxproj", "{DED322C2-66A0-4D50-B0CA-166F820DFA49}"
EndProject
Project("{8BC9CEB8-8B4A-11D0-8D11-00A0C91BC942}") = "Game_zjhLandy", "..\Game_zjhLandy\Game_zjhLandy.vcxproj", "{DD906D28-8760-4B9D-9C24-AA53B4D6CEC2}"
EndProject
Project("{8BC9CEB8-8B4A-11D0-8D11-00A0C91BC942}") = "Game_zjh_score_android", "..\Game_zjh_score_android\Game_zjh_score_android.vcxproj", "{CE772C38-7563-4B69-9888-D2825CF69496}"
EndProject
Project("{8BC9CEB8-8B4A-11D0-8D11-00A0C91BC942}") = "Game_s13s", "..\Game_s13s\Game_s13s.vcxproj", "{5E6399AC-610F-42E1-B604-2006F2695091}"
EndProject
Project("{8BC9CEB8-8B4A-11D0-8D11-00A0C91BC942}") = "Game_s13s_score_android", "..\Game_s13s_score_android\Game_s13s_score_android.vcxproj", "{0304B3D8-3AF1-4E14-AAAE-0753CFEDB9C4}"
EndProject
Project("{8BC9CEB8-8B4A-11D0-8D11-00A0C91BC942}") = "Game_QznnLandy", "..\Game_QznnLandy\Game_QznnLandy.vcxproj", "{540B9842-F8E6-4A28-B7DE-95F62F859DB5}"
EndProject
Project("{8BC9CEB8-8B4A-11D0-8D11-00A0C91BC942}") = "Game_Qznn_score_androidLandy", "..\Game_Qznn_score_androidLandy\Game_Qznn_score_androidLandy.vcxproj", "{EE16515B-B704-4F1B-9C3B-EB9F61C07ACE}"
EndProject
Project("{8BC9CEB8-8B4A-11D0-8D11-00A0C91BC942}") = "Game_hjkNew", "..\Game_hjkNew\Game_hjkNew.vcxproj", "{DB377249-9D4C-4BA1-8636-044973FDCA1D}"
EndProject
Project("{8BC9CEB8-8B4A-11D0-8D11-00A0C91BC942}") = "Game_Hjk_score_androidLandy", "..\Game_Hjk_score_androidLandy\Game_Hjk_score_androidLandy.vcxproj", "{7E853BD3-5686-42FE-BDCC-07079149BFBD}"
EndProject
Project("{8BC9CEB8-8B4A-11D0-8D11-00A0C91BC942}") = "Game_SanGongLandy", "..\Game_SanGongLandy\Game_SanGongLandy.vcxproj", "{46F6D9B9-C825-47D5-80D7-7BBF6C97B8C9}"
EndProject
Project("{8BC9CEB8-8B4A-11D0-8D11-00A0C91BC942}") = "Game_SanGong_androidLandy", "..\Game_SanGong_androidLandy\Game_SanGong_androidLandy.vcxproj", "{2A8F6B51-4F41-4606-9C74-90C1521A82F2}"
EndProject
Project("{8BC9CEB8-8B4A-11D0-8D11-00A0C91BC942}") = "Game_Longhu", "..\Game_LonghuLandy\Game_Longhu.vcxproj", "{92B5286A-C568-4AE1-8886-737FB4EFE550}"
EndProject
Project("{8BC9CEB8-8B4A-11D0-8D11-00A0C91BC942}") = "Game_Longhu_score_android", "..\Game_Longhu_androidLandy\Game_Longhu_score_android.vcxproj", "{5B87514F-EAF1-49C6-923B-3C98DF66F408}"
EndProject
Project("{8BC9CEB8-8B4A-11D0-8D11-00A0C91BC942}") = "AicsEngineTest", "AicsEngineTest\AicsEngineTest.vcxproj", "{929CACFA-FD32-4E98-8F24-129123153A23}"
EndProject
Project("{2150E333-8FDC-42A3-9474-1A3956D46DE8}") = "算法库", "算法库", "{CC14FD1D-C788-4C21-9985-AEF604D3E2AF}"
EndProject
Project("{8BC9CEB8-8B4A-11D0-8D11-00A0C91BC942}") = "AicsDragonEngine", "AicsDragonEngine\AicsDragonEngine.vcxproj", "{6DA1FF99-0049-48BE-9E12-D9459233471F}"
EndProject
Project("{8BC9CEB8-8B4A-11D0-8D11-00A0C91BC942}") = "Game_Ebg", "..\Game_Ebg\Game_Ebg.vcxproj", "{10A483CD-02D7-4D96-8020-5D8544A0208D}"
EndProject
Project("{8BC9CEB8-8B4A-11D0-8D11-00A0C91BC942}") = "Game_Ebg_score_android", "..\Game_Ebg_android\Game_Ebg_score_android.vcxproj", "{18623D02-4493-4297-B7DB-943F6F3B622A}"
EndProject
Project("{2150E333-8FDC-42A3-9474-1A3956D46DE8}") = "二八杠", "二八杠", "{253A1DAB-9B8B-445C-B3E4-F96658D4E583}"
EndProject
Project("{2150E333-8FDC-42A3-9474-1A3956D46DE8}") = "21点", "21点", "{F18FE759-2629-4BA8-8325-B0FA66A1C838}"
EndProject
Project("{2150E333-8FDC-42A3-9474-1A3956D46DE8}") = "龙虎斗", "龙虎斗", "{9A9676FD-DE90-4B40-AC7A-B7F78AEB9A3C}"
EndProject
Project("{2150E333-8FDC-42A3-9474-1A3956D46DE8}") = "抢庄牛牛", "抢庄牛牛", "{37231427-AD78-413D-B0C6-3F5E5DE69586}"
EndProject
Project("{2150E333-8FDC-42A3-9474-1A3956D46DE8}") = "三公", "三公", "{F9BA6608-0FF2-465C-BFDD-C383807F15A4}"
EndProject
Project("{2150E333-8FDC-42A3-9474-1A3956D46DE8}") = "诈金花", "诈金花", "{638D7838-6B88-4846-8FF3-0D18106CB1E2}"
EndProject
Project("{2150E333-8FDC-42A3-9474-1A3956D46DE8}") = "抢庄牌九", "抢庄牌九", "{3DD25C0F-B57D-4770-ACE6-116BE169A8E6}"
EndProject
Project("{2150E333-8FDC-42A3-9474-1A3956D46DE8}") = "十三水", "十三水", "{02B81051-32CE-43ED-89C0-A2C80BB86F3E}"
EndProject
Project("{2150E333-8FDC-42A3-9474-1A3956D46DE8}") = "子游戏", "子游戏", "{7E53C481-92EC-4ADA-801B-33F770FA192D}"
EndProject
Project("{2150E333-8FDC-42A3-9474-1A3956D46DE8}") = "龙虎", "龙虎", "{304DCCA2-49FC-4608-8B1B-86F21963556F}"
EndProject
Project("{2150E333-8FDC-42A3-9474-1A3956D46DE8}") = "红黑大战", "红黑大战", "{7898E17A-10DC-4547-8C7C-0095CA8A2C9A}"
EndProject
Project("{8BC9CEB8-8B4A-11D0-8D11-00A0C91BC942}") = "Game_HongHei", "..\Game_HongHeiLandy\Game_HongHei.vcxproj", "{8111AC5B-4ADD-47D9-B72F-D314030BBD66}"
EndProject
Project("{8BC9CEB8-8B4A-11D0-8D11-00A0C91BC942}") = "Game_honghei_score_android", "..\Game_HongHei_androidLandy\Game_honghei_score_android.vcxproj", "{AF2DEEF4-5290-4BD2-A4C5-6B41F94630E1}"
EndProject
Project("{2150E333-8FDC-42A3-9474-1A3956D46DE8}") = "红黑", "红黑", "{1B7C9093-8F7E-4025-AE2F-4710907A6603}"
EndProject
Project("{8BC9CEB8-8B4A-11D0-8D11-00A0C91BC942}") = "AicsRedXBlackEngine", "AicsRedXBlackEngine\AicsRedXBlackEngine.vcxproj", "{28607B1B-F7F2-42A8-BDB4-E3A766E592C4}"
EndProject
Project("{2150E333-8FDC-42A3-9474-1A3956D46DE8}") = "测试", "测试", "{0B4432A1-8638-4DC4-8656-8F9976CCF687}"
EndProject
Project("{8BC9CEB8-8B4A-11D0-8D11-00A0C91BC942}") = "AicsDragonEngineTest_linux", "AicsDragonEngineTest_linux\AicsDragonEngineTest_linux.vcxproj", "{D9242EAB-7796-4E2F-9937-A5F63504E0B4}"
EndProject
Global
	GlobalSection(SolutionConfigurationPlatforms) = preSolution
		Debug|ARM = Debug|ARM
		Debug|ARM64 = Debug|ARM64
		Debug|x64 = Debug|x64
		Debug|x86 = Debug|x86
		Release|ARM = Release|ARM
		Release|ARM64 = Release|ARM64
		Release|x64 = Release|x64
		Release|x86 = Release|x86
	EndGlobalSection
	GlobalSection(ProjectConfigurationPlatforms) = postSolution
		{83D50C55-FB4A-4482-B8B4-65420343DE3A}.Debug|ARM.ActiveCfg = Debug|ARM
		{83D50C55-FB4A-4482-B8B4-65420343DE3A}.Debug|ARM.Build.0 = Debug|ARM
		{83D50C55-FB4A-4482-B8B4-65420343DE3A}.Debug|ARM64.ActiveCfg = Debug|ARM64
		{83D50C55-FB4A-4482-B8B4-65420343DE3A}.Debug|ARM64.Build.0 = Debug|ARM64
		{83D50C55-FB4A-4482-B8B4-65420343DE3A}.Debug|x64.ActiveCfg = Debug|x64
		{83D50C55-FB4A-4482-B8B4-65420343DE3A}.Debug|x64.Build.0 = Debug|x64
		{83D50C55-FB4A-4482-B8B4-65420343DE3A}.Debug|x86.ActiveCfg = Debug|x86
		{83D50C55-FB4A-4482-B8B4-65420343DE3A}.Debug|x86.Build.0 = Debug|x86
		{83D50C55-FB4A-4482-B8B4-65420343DE3A}.Release|ARM.ActiveCfg = Release|ARM
		{83D50C55-FB4A-4482-B8B4-65420343DE3A}.Release|ARM.Build.0 = Release|ARM
		{83D50C55-FB4A-4482-B8B4-65420343DE3A}.Release|ARM64.ActiveCfg = Release|ARM64
		{83D50C55-FB4A-4482-B8B4-65420343DE3A}.Release|ARM64.Build.0 = Release|ARM64
		{83D50C55-FB4A-4482-B8B4-65420343DE3A}.Release|x64.ActiveCfg = Release|x64
		{83D50C55-FB4A-4482-B8B4-65420343DE3A}.Release|x64.Build.0 = Release|x64
		{83D50C55-FB4A-4482-B8B4-65420343DE3A}.Release|x86.ActiveCfg = Release|x86
		{83D50C55-FB4A-4482-B8B4-65420343DE3A}.Release|x86.Build.0 = Release|x86
		{B289B4EC-0AE9-41E8-B433-321E8762A430}.Debug|ARM.ActiveCfg = Debug|ARM
		{B289B4EC-0AE9-41E8-B433-321E8762A430}.Debug|ARM.Build.0 = Debug|ARM
		{B289B4EC-0AE9-41E8-B433-321E8762A430}.Debug|ARM64.ActiveCfg = Debug|ARM64
		{B289B4EC-0AE9-41E8-B433-321E8762A430}.Debug|ARM64.Build.0 = Debug|ARM64
		{B289B4EC-0AE9-41E8-B433-321E8762A430}.Debug|x64.ActiveCfg = Debug|x64
		{B289B4EC-0AE9-41E8-B433-321E8762A430}.Debug|x64.Build.0 = Debug|x64
		{B289B4EC-0AE9-41E8-B433-321E8762A430}.Debug|x86.ActiveCfg = Debug|x86
		{B289B4EC-0AE9-41E8-B433-321E8762A430}.Debug|x86.Build.0 = Debug|x86
		{B289B4EC-0AE9-41E8-B433-321E8762A430}.Release|ARM.ActiveCfg = Release|ARM
		{B289B4EC-0AE9-41E8-B433-321E8762A430}.Release|ARM.Build.0 = Release|ARM
		{B289B4EC-0AE9-41E8-B433-321E8762A430}.Release|ARM64.ActiveCfg = Release|ARM64
		{B289B4EC-0AE9-41E8-B433-321E8762A430}.Release|ARM64.Build.0 = Release|ARM64
		{B289B4EC-0AE9-41E8-B433-321E8762A430}.Release|x64.ActiveCfg = Release|x64
		{B289B4EC-0AE9-41E8-B433-321E8762A430}.Release|x64.Build.0 = Release|x64
		{B289B4EC-0AE9-41E8-B433-321E8762A430}.Release|x86.ActiveCfg = Release|x86
		{B289B4EC-0AE9-41E8-B433-321E8762A430}.Release|x86.Build.0 = Release|x86
		{6DEC7E49-A3F1-4D83-9FFA-06B5A93E9EC2}.Debug|ARM.ActiveCfg = Debug|ARM
		{6DEC7E49-A3F1-4D83-9FFA-06B5A93E9EC2}.Debug|ARM.Build.0 = Debug|ARM
		{6DEC7E49-A3F1-4D83-9FFA-06B5A93E9EC2}.Debug|ARM64.ActiveCfg = Debug|ARM64
		{6DEC7E49-A3F1-4D83-9FFA-06B5A93E9EC2}.Debug|ARM64.Build.0 = Debug|ARM64
		{6DEC7E49-A3F1-4D83-9FFA-06B5A93E9EC2}.Debug|x64.ActiveCfg = Debug|x64
		{6DEC7E49-A3F1-4D83-9FFA-06B5A93E9EC2}.Debug|x64.Build.0 = Debug|x64
		{6DEC7E49-A3F1-4D83-9FFA-06B5A93E9EC2}.Debug|x86.ActiveCfg = Debug|x86
		{6DEC7E49-A3F1-4D83-9FFA-06B5A93E9EC2}.Debug|x86.Build.0 = Debug|x86
		{6DEC7E49-A3F1-4D83-9FFA-06B5A93E9EC2}.Release|ARM.ActiveCfg = Release|ARM
		{6DEC7E49-A3F1-4D83-9FFA-06B5A93E9EC2}.Release|ARM.Build.0 = Release|ARM
		{6DEC7E49-A3F1-4D83-9FFA-06B5A93E9EC2}.Release|ARM64.ActiveCfg = Release|ARM64
		{6DEC7E49-A3F1-4D83-9FFA-06B5A93E9EC2}.Release|ARM64.Build.0 = Release|ARM64
		{6DEC7E49-A3F1-4D83-9FFA-06B5A93E9EC2}.Release|x64.ActiveCfg = Release|x64
		{6DEC7E49-A3F1-4D83-9FFA-06B5A93E9EC2}.Release|x64.Build.0 = Release|x64
		{6DEC7E49-A3F1-4D83-9FFA-06B5A93E9EC2}.Release|x86.ActiveCfg = Release|x86
		{6DEC7E49-A3F1-4D83-9FFA-06B5A93E9EC2}.Release|x86.Build.0 = Release|x86
		{EF5FDDA7-597A-4702-8ADD-A6D4645A1046}.Debug|ARM.ActiveCfg = Debug|ARM
		{EF5FDDA7-597A-4702-8ADD-A6D4645A1046}.Debug|ARM.Build.0 = Debug|ARM
		{EF5FDDA7-597A-4702-8ADD-A6D4645A1046}.Debug|ARM64.ActiveCfg = Debug|ARM64
		{EF5FDDA7-597A-4702-8ADD-A6D4645A1046}.Debug|ARM64.Build.0 = Debug|ARM64
		{EF5FDDA7-597A-4702-8ADD-A6D4645A1046}.Debug|x64.ActiveCfg = Debug|x64
		{EF5FDDA7-597A-4702-8ADD-A6D4645A1046}.Debug|x64.Build.0 = Debug|x64
		{EF5FDDA7-597A-4702-8ADD-A6D4645A1046}.Debug|x86.ActiveCfg = Debug|x86
		{EF5FDDA7-597A-4702-8ADD-A6D4645A1046}.Debug|x86.Build.0 = Debug|x86
		{EF5FDDA7-597A-4702-8ADD-A6D4645A1046}.Release|ARM.ActiveCfg = Release|ARM
		{EF5FDDA7-597A-4702-8ADD-A6D4645A1046}.Release|ARM.Build.0 = Release|ARM
		{EF5FDDA7-597A-4702-8ADD-A6D4645A1046}.Release|ARM64.ActiveCfg = Release|ARM64
		{EF5FDDA7-597A-4702-8ADD-A6D4645A1046}.Release|ARM64.Build.0 = Release|ARM64
		{EF5FDDA7-597A-4702-8ADD-A6D4645A1046}.Release|x64.ActiveCfg = Release|x64
		{EF5FDDA7-597A-4702-8ADD-A6D4645A1046}.Release|x64.Build.0 = Release|x64
		{EF5FDDA7-597A-4702-8ADD-A6D4645A1046}.Release|x86.ActiveCfg = Release|x86
		{EF5FDDA7-597A-4702-8ADD-A6D4645A1046}.Release|x86.Build.0 = Release|x86
		{6F6F75B8-42E5-441F-9451-73D45CC1BFDB}.Debug|ARM.ActiveCfg = Debug|ARM
		{6F6F75B8-42E5-441F-9451-73D45CC1BFDB}.Debug|ARM.Build.0 = Debug|ARM
		{6F6F75B8-42E5-441F-9451-73D45CC1BFDB}.Debug|ARM64.ActiveCfg = Debug|ARM64
		{6F6F75B8-42E5-441F-9451-73D45CC1BFDB}.Debug|ARM64.Build.0 = Debug|ARM64
		{6F6F75B8-42E5-441F-9451-73D45CC1BFDB}.Debug|x64.ActiveCfg = Debug|x64
		{6F6F75B8-42E5-441F-9451-73D45CC1BFDB}.Debug|x64.Build.0 = Debug|x64
		{6F6F75B8-42E5-441F-9451-73D45CC1BFDB}.Debug|x86.ActiveCfg = Debug|x86
		{6F6F75B8-42E5-441F-9451-73D45CC1BFDB}.Debug|x86.Build.0 = Debug|x86
		{6F6F75B8-42E5-441F-9451-73D45CC1BFDB}.Release|ARM.ActiveCfg = Release|ARM
		{6F6F75B8-42E5-441F-9451-73D45CC1BFDB}.Release|ARM.Build.0 = Release|ARM
		{6F6F75B8-42E5-441F-9451-73D45CC1BFDB}.Release|ARM64.ActiveCfg = Release|ARM64
		{6F6F75B8-42E5-441F-9451-73D45CC1BFDB}.Release|ARM64.Build.0 = Release|ARM64
		{6F6F75B8-42E5-441F-9451-73D45CC1BFDB}.Release|x64.ActiveCfg = Release|x64
		{6F6F75B8-42E5-441F-9451-73D45CC1BFDB}.Release|x64.Build.0 = Release|x64
		{6F6F75B8-42E5-441F-9451-73D45CC1BFDB}.Release|x86.ActiveCfg = Release|x86
		{6F6F75B8-42E5-441F-9451-73D45CC1BFDB}.Release|x86.Build.0 = Release|x86
		{DED322C2-66A0-4D50-B0CA-166F820DFA49}.Debug|ARM.ActiveCfg = Debug|ARM
		{DED322C2-66A0-4D50-B0CA-166F820DFA49}.Debug|ARM.Build.0 = Debug|ARM
		{DED322C2-66A0-4D50-B0CA-166F820DFA49}.Debug|ARM64.ActiveCfg = Debug|ARM64
		{DED322C2-66A0-4D50-B0CA-166F820DFA49}.Debug|ARM64.Build.0 = Debug|ARM64
		{DED322C2-66A0-4D50-B0CA-166F820DFA49}.Debug|x64.ActiveCfg = Debug|x64
		{DED322C2-66A0-4D50-B0CA-166F820DFA49}.Debug|x64.Build.0 = Debug|x64
		{DED322C2-66A0-4D50-B0CA-166F820DFA49}.Debug|x86.ActiveCfg = Debug|x86
		{DED322C2-66A0-4D50-B0CA-166F820DFA49}.Debug|x86.Build.0 = Debug|x86
		{DED322C2-66A0-4D50-B0CA-166F820DFA49}.Release|ARM.ActiveCfg = Release|ARM
		{DED322C2-66A0-4D50-B0CA-166F820DFA49}.Release|ARM.Build.0 = Release|ARM
		{DED322C2-66A0-4D50-B0CA-166F820DFA49}.Release|ARM64.ActiveCfg = Release|ARM64
		{DED322C2-66A0-4D50-B0CA-166F820DFA49}.Release|ARM64.Build.0 = Release|ARM64
		{DED322C2-66A0-4D50-B0CA-166F820DFA49}.Release|x64.ActiveCfg = Release|x64
		{DED322C2-66A0-4D50-B0CA-166F820DFA49}.Release|x64.Build.0 = Release|x64
		{DED322C2-66A0-4D50-B0CA-166F820DFA49}.Release|x86.ActiveCfg = Release|x86
		{DED322C2-66A0-4D50-B0CA-166F820DFA49}.Release|x86.Build.0 = Release|x86
		{DD906D28-8760-4B9D-9C24-AA53B4D6CEC2}.Debug|ARM.ActiveCfg = Debug|ARM
		{DD906D28-8760-4B9D-9C24-AA53B4D6CEC2}.Debug|ARM.Build.0 = Debug|ARM
		{DD906D28-8760-4B9D-9C24-AA53B4D6CEC2}.Debug|ARM64.ActiveCfg = Debug|ARM64
		{DD906D28-8760-4B9D-9C24-AA53B4D6CEC2}.Debug|ARM64.Build.0 = Debug|ARM64
		{DD906D28-8760-4B9D-9C24-AA53B4D6CEC2}.Debug|x64.ActiveCfg = Debug|x64
		{DD906D28-8760-4B9D-9C24-AA53B4D6CEC2}.Debug|x64.Build.0 = Debug|x64
		{DD906D28-8760-4B9D-9C24-AA53B4D6CEC2}.Debug|x86.ActiveCfg = Debug|x86
		{DD906D28-8760-4B9D-9C24-AA53B4D6CEC2}.Debug|x86.Build.0 = Debug|x86
		{DD906D28-8760-4B9D-9C24-AA53B4D6CEC2}.Release|ARM.ActiveCfg = Release|ARM
		{DD906D28-8760-4B9D-9C24-AA53B4D6CEC2}.Release|ARM.Build.0 = Release|ARM
		{DD906D28-8760-4B9D-9C24-AA53B4D6CEC2}.Release|ARM64.ActiveCfg = Release|ARM64
		{DD906D28-8760-4B9D-9C24-AA53B4D6CEC2}.Release|ARM64.Build.0 = Release|ARM64
		{DD906D28-8760-4B9D-9C24-AA53B4D6CEC2}.Release|x64.ActiveCfg = Release|x64
		{DD906D28-8760-4B9D-9C24-AA53B4D6CEC2}.Release|x64.Build.0 = Release|x64
		{DD906D28-8760-4B9D-9C24-AA53B4D6CEC2}.Release|x86.ActiveCfg = Release|x86
		{DD906D28-8760-4B9D-9C24-AA53B4D6CEC2}.Release|x86.Build.0 = Release|x86
		{CE772C38-7563-4B69-9888-D2825CF69496}.Debug|ARM.ActiveCfg = Debug|ARM
		{CE772C38-7563-4B69-9888-D2825CF69496}.Debug|ARM.Build.0 = Debug|ARM
		{CE772C38-7563-4B69-9888-D2825CF69496}.Debug|ARM64.ActiveCfg = Debug|ARM64
		{CE772C38-7563-4B69-9888-D2825CF69496}.Debug|ARM64.Build.0 = Debug|ARM64
		{CE772C38-7563-4B69-9888-D2825CF69496}.Debug|x64.ActiveCfg = Debug|x64
		{CE772C38-7563-4B69-9888-D2825CF69496}.Debug|x64.Build.0 = Debug|x64
		{CE772C38-7563-4B69-9888-D2825CF69496}.Debug|x86.ActiveCfg = Debug|x86
		{CE772C38-7563-4B69-9888-D2825CF69496}.Debug|x86.Build.0 = Debug|x86
		{CE772C38-7563-4B69-9888-D2825CF69496}.Release|ARM.ActiveCfg = Release|ARM
		{CE772C38-7563-4B69-9888-D2825CF69496}.Release|ARM.Build.0 = Release|ARM
		{CE772C38-7563-4B69-9888-D2825CF69496}.Release|ARM64.ActiveCfg = Release|ARM64
		{CE772C38-7563-4B69-9888-D2825CF69496}.Release|ARM64.Build.0 = Release|ARM64
		{CE772C38-7563-4B69-9888-D2825CF69496}.Release|x64.ActiveCfg = Release|x64
		{CE772C38-7563-4B69-9888-D2825CF69496}.Release|x64.Build.0 = Release|x64
		{CE772C38-7563-4B69-9888-D2825CF69496}.Release|x86.ActiveCfg = Release|x86
		{CE772C38-7563-4B69-9888-D2825CF69496}.Release|x86.Build.0 = Release|x86
		{5E6399AC-610F-42E1-B604-2006F2695091}.Debug|ARM.ActiveCfg = Debug|ARM
		{5E6399AC-610F-42E1-B604-2006F2695091}.Debug|ARM.Build.0 = Debug|ARM
		{5E6399AC-610F-42E1-B604-2006F2695091}.Debug|ARM64.ActiveCfg = Debug|ARM64
		{5E6399AC-610F-42E1-B604-2006F2695091}.Debug|ARM64.Build.0 = Debug|ARM64
		{5E6399AC-610F-42E1-B604-2006F2695091}.Debug|x64.ActiveCfg = Debug|x64
		{5E6399AC-610F-42E1-B604-2006F2695091}.Debug|x64.Build.0 = Debug|x64
		{5E6399AC-610F-42E1-B604-2006F2695091}.Debug|x86.ActiveCfg = Debug|x86
		{5E6399AC-610F-42E1-B604-2006F2695091}.Debug|x86.Build.0 = Debug|x86
		{5E6399AC-610F-42E1-B604-2006F2695091}.Release|ARM.ActiveCfg = Release|ARM
		{5E6399AC-610F-42E1-B604-2006F2695091}.Release|ARM.Build.0 = Release|ARM
		{5E6399AC-610F-42E1-B604-2006F2695091}.Release|ARM64.ActiveCfg = Release|ARM64
		{5E6399AC-610F-42E1-B604-2006F2695091}.Release|ARM64.Build.0 = Release|ARM64
		{5E6399AC-610F-42E1-B604-2006F2695091}.Release|x64.ActiveCfg = Release|x64
		{5E6399AC-610F-42E1-B604-2006F2695091}.Release|x64.Build.0 = Release|x64
		{5E6399AC-610F-42E1-B604-2006F2695091}.Release|x86.ActiveCfg = Release|x86
		{5E6399AC-610F-42E1-B604-2006F2695091}.Release|x86.Build.0 = Release|x86
		{0304B3D8-3AF1-4E14-AAAE-0753CFEDB9C4}.Debug|ARM.ActiveCfg = Debug|ARM
		{0304B3D8-3AF1-4E14-AAAE-0753CFEDB9C4}.Debug|ARM.Build.0 = Debug|ARM
		{0304B3D8-3AF1-4E14-AAAE-0753CFEDB9C4}.Debug|ARM64.ActiveCfg = Debug|ARM64
		{0304B3D8-3AF1-4E14-AAAE-0753CFEDB9C4}.Debug|ARM64.Build.0 = Debug|ARM64
		{0304B3D8-3AF1-4E14-AAAE-0753CFEDB9C4}.Debug|x64.ActiveCfg = Debug|x64
		{0304B3D8-3AF1-4E14-AAAE-0753CFEDB9C4}.Debug|x64.Build.0 = Debug|x64
		{0304B3D8-3AF1-4E14-AAAE-0753CFEDB9C4}.Debug|x86.ActiveCfg = Debug|x86
		{0304B3D8-3AF1-4E14-AAAE-0753CFEDB9C4}.Debug|x86.Build.0 = Debug|x86
		{0304B3D8-3AF1-4E14-AAAE-0753CFEDB9C4}.Release|ARM.ActiveCfg = Release|ARM
		{0304B3D8-3AF1-4E14-AAAE-0753CFEDB9C4}.Release|ARM.Build.0 = Release|ARM
		{0304B3D8-3AF1-4E14-AAAE-0753CFEDB9C4}.Release|ARM64.ActiveCfg = Release|ARM64
		{0304B3D8-3AF1-4E14-AAAE-0753CFEDB9C4}.Release|ARM64.Build.0 = Release|ARM64
		{0304B3D8-3AF1-4E14-AAAE-0753CFEDB9C4}.Release|x64.ActiveCfg = Release|x64
		{0304B3D8-3AF1-4E14-AAAE-0753CFEDB9C4}.Release|x64.Build.0 = Release|x64
		{0304B3D8-3AF1-4E14-AAAE-0753CFEDB9C4}.Release|x86.ActiveCfg = Release|x86
		{0304B3D8-3AF1-4E14-AAAE-0753CFEDB9C4}.Release|x86.Build.0 = Release|x86
		{540B9842-F8E6-4A28-B7DE-95F62F859DB5}.Debug|ARM.ActiveCfg = Debug|ARM
		{540B9842-F8E6-4A28-B7DE-95F62F859DB5}.Debug|ARM.Build.0 = Debug|ARM
		{540B9842-F8E6-4A28-B7DE-95F62F859DB5}.Debug|ARM64.ActiveCfg = Debug|ARM64
		{540B9842-F8E6-4A28-B7DE-95F62F859DB5}.Debug|ARM64.Build.0 = Debug|ARM64
		{540B9842-F8E6-4A28-B7DE-95F62F859DB5}.Debug|x64.ActiveCfg = Debug|x64
		{540B9842-F8E6-4A28-B7DE-95F62F859DB5}.Debug|x64.Build.0 = Debug|x64
		{540B9842-F8E6-4A28-B7DE-95F62F859DB5}.Debug|x86.ActiveCfg = Debug|x86
		{540B9842-F8E6-4A28-B7DE-95F62F859DB5}.Debug|x86.Build.0 = Debug|x86
		{540B9842-F8E6-4A28-B7DE-95F62F859DB5}.Release|ARM.ActiveCfg = Release|ARM
		{540B9842-F8E6-4A28-B7DE-95F62F859DB5}.Release|ARM.Build.0 = Release|ARM
		{540B9842-F8E6-4A28-B7DE-95F62F859DB5}.Release|ARM64.ActiveCfg = Release|ARM64
		{540B9842-F8E6-4A28-B7DE-95F62F859DB5}.Release|ARM64.Build.0 = Release|ARM64
		{540B9842-F8E6-4A28-B7DE-95F62F859DB5}.Release|x64.ActiveCfg = Release|x64
		{540B9842-F8E6-4A28-B7DE-95F62F859DB5}.Release|x64.Build.0 = Release|x64
		{540B9842-F8E6-4A28-B7DE-95F62F859DB5}.Release|x86.ActiveCfg = Release|x86
		{540B9842-F8E6-4A28-B7DE-95F62F859DB5}.Release|x86.Build.0 = Release|x86
		{EE16515B-B704-4F1B-9C3B-EB9F61C07ACE}.Debug|ARM.ActiveCfg = Debug|ARM
		{EE16515B-B704-4F1B-9C3B-EB9F61C07ACE}.Debug|ARM.Build.0 = Debug|ARM
		{EE16515B-B704-4F1B-9C3B-EB9F61C07ACE}.Debug|ARM64.ActiveCfg = Debug|ARM64
		{EE16515B-B704-4F1B-9C3B-EB9F61C07ACE}.Debug|ARM64.Build.0 = Debug|ARM64
		{EE16515B-B704-4F1B-9C3B-EB9F61C07ACE}.Debug|x64.ActiveCfg = Debug|x64
		{EE16515B-B704-4F1B-9C3B-EB9F61C07ACE}.Debug|x64.Build.0 = Debug|x64
		{EE16515B-B704-4F1B-9C3B-EB9F61C07ACE}.Debug|x86.ActiveCfg = Debug|x86
		{EE16515B-B704-4F1B-9C3B-EB9F61C07ACE}.Debug|x86.Build.0 = Debug|x86
		{EE16515B-B704-4F1B-9C3B-EB9F61C07ACE}.Release|ARM.ActiveCfg = Release|ARM
		{EE16515B-B704-4F1B-9C3B-EB9F61C07ACE}.Release|ARM.Build.0 = Release|ARM
		{EE16515B-B704-4F1B-9C3B-EB9F61C07ACE}.Release|ARM64.ActiveCfg = Release|ARM64
		{EE16515B-B704-4F1B-9C3B-EB9F61C07ACE}.Release|ARM64.Build.0 = Release|ARM64
		{EE16515B-B704-4F1B-9C3B-EB9F61C07ACE}.Release|x64.ActiveCfg = Release|x64
		{EE16515B-B704-4F1B-9C3B-EB9F61C07ACE}.Release|x64.Build.0 = Release|x64
		{EE16515B-B704-4F1B-9C3B-EB9F61C07ACE}.Release|x86.ActiveCfg = Release|x86
		{EE16515B-B704-4F1B-9C3B-EB9F61C07ACE}.Release|x86.Build.0 = Release|x86
		{DB377249-9D4C-4BA1-8636-044973FDCA1D}.Debug|ARM.ActiveCfg = Debug|ARM
		{DB377249-9D4C-4BA1-8636-044973FDCA1D}.Debug|ARM.Build.0 = Debug|ARM
		{DB377249-9D4C-4BA1-8636-044973FDCA1D}.Debug|ARM64.ActiveCfg = Debug|ARM64
		{DB377249-9D4C-4BA1-8636-044973FDCA1D}.Debug|ARM64.Build.0 = Debug|ARM64
		{DB377249-9D4C-4BA1-8636-044973FDCA1D}.Debug|x64.ActiveCfg = Debug|x64
		{DB377249-9D4C-4BA1-8636-044973FDCA1D}.Debug|x64.Build.0 = Debug|x64
		{DB377249-9D4C-4BA1-8636-044973FDCA1D}.Debug|x86.ActiveCfg = Debug|x86
		{DB377249-9D4C-4BA1-8636-044973FDCA1D}.Debug|x86.Build.0 = Debug|x86
		{DB377249-9D4C-4BA1-8636-044973FDCA1D}.Release|ARM.ActiveCfg = Release|ARM
		{DB377249-9D4C-4BA1-8636-044973FDCA1D}.Release|ARM.Build.0 = Release|ARM
		{DB377249-9D4C-4BA1-8636-044973FDCA1D}.Release|ARM64.ActiveCfg = Release|ARM64
		{DB377249-9D4C-4BA1-8636-044973FDCA1D}.Release|ARM64.Build.0 = Release|ARM64
		{DB377249-9D4C-4BA1-8636-044973FDCA1D}.Release|x64.ActiveCfg = Release|x64
		{DB377249-9D4C-4BA1-8636-044973FDCA1D}.Release|x64.Build.0 = Release|x64
		{DB377249-9D4C-4BA1-8636-044973FDCA1D}.Release|x86.ActiveCfg = Release|x86
		{DB377249-9D4C-4BA1-8636-044973FDCA1D}.Release|x86.Build.0 = Release|x86
		{7E853BD3-5686-42FE-BDCC-07079149BFBD}.Debug|ARM.ActiveCfg = Debug|ARM
		{7E853BD3-5686-42FE-BDCC-07079149BFBD}.Debug|ARM.Build.0 = Debug|ARM
		{7E853BD3-5686-42FE-BDCC-07079149BFBD}.Debug|ARM64.ActiveCfg = Debug|ARM64
		{7E853BD3-5686-42FE-BDCC-07079149BFBD}.Debug|ARM64.Build.0 = Debug|ARM64
		{7E853BD3-5686-42FE-BDCC-07079149BFBD}.Debug|x64.ActiveCfg = Debug|x64
		{7E853BD3-5686-42FE-BDCC-07079149BFBD}.Debug|x64.Build.0 = Debug|x64
		{7E853BD3-5686-42FE-BDCC-07079149BFBD}.Debug|x86.ActiveCfg = Debug|x86
		{7E853BD3-5686-42FE-BDCC-07079149BFBD}.Debug|x86.Build.0 = Debug|x86
		{7E853BD3-5686-42FE-BDCC-07079149BFBD}.Release|ARM.ActiveCfg = Release|ARM
		{7E853BD3-5686-42FE-BDCC-07079149BFBD}.Release|ARM.Build.0 = Release|ARM
		{7E853BD3-5686-42FE-BDCC-07079149BFBD}.Release|ARM64.ActiveCfg = Release|ARM64
		{7E853BD3-5686-42FE-BDCC-07079149BFBD}.Release|ARM64.Build.0 = Release|ARM64
		{7E853BD3-5686-42FE-BDCC-07079149BFBD}.Release|x64.ActiveCfg = Release|x64
		{7E853BD3-5686-42FE-BDCC-07079149BFBD}.Release|x64.Build.0 = Release|x64
		{7E853BD3-5686-42FE-BDCC-07079149BFBD}.Release|x86.ActiveCfg = Release|x86
		{7E853BD3-5686-42FE-BDCC-07079149BFBD}.Release|x86.Build.0 = Release|x86
		{46F6D9B9-C825-47D5-80D7-7BBF6C97B8C9}.Debug|ARM.ActiveCfg = Debug|ARM
		{46F6D9B9-C825-47D5-80D7-7BBF6C97B8C9}.Debug|ARM.Build.0 = Debug|ARM
		{46F6D9B9-C825-47D5-80D7-7BBF6C97B8C9}.Debug|ARM64.ActiveCfg = Debug|ARM64
		{46F6D9B9-C825-47D5-80D7-7BBF6C97B8C9}.Debug|ARM64.Build.0 = Debug|ARM64
		{46F6D9B9-C825-47D5-80D7-7BBF6C97B8C9}.Debug|x64.ActiveCfg = Debug|x64
		{46F6D9B9-C825-47D5-80D7-7BBF6C97B8C9}.Debug|x64.Build.0 = Debug|x64
		{46F6D9B9-C825-47D5-80D7-7BBF6C97B8C9}.Debug|x86.ActiveCfg = Debug|x86
		{46F6D9B9-C825-47D5-80D7-7BBF6C97B8C9}.Debug|x86.Build.0 = Debug|x86
		{46F6D9B9-C825-47D5-80D7-7BBF6C97B8C9}.Release|ARM.ActiveCfg = Release|ARM
		{46F6D9B9-C825-47D5-80D7-7BBF6C97B8C9}.Release|ARM.Build.0 = Release|ARM
		{46F6D9B9-C825-47D5-80D7-7BBF6C97B8C9}.Release|ARM64.ActiveCfg = Release|ARM64
		{46F6D9B9-C825-47D5-80D7-7BBF6C97B8C9}.Release|ARM64.Build.0 = Release|ARM64
		{46F6D9B9-C825-47D5-80D7-7BBF6C97B8C9}.Release|x64.ActiveCfg = Release|x64
		{46F6D9B9-C825-47D5-80D7-7BBF6C97B8C9}.Release|x64.Build.0 = Release|x64
		{46F6D9B9-C825-47D5-80D7-7BBF6C97B8C9}.Release|x86.ActiveCfg = Release|x86
		{46F6D9B9-C825-47D5-80D7-7BBF6C97B8C9}.Release|x86.Build.0 = Release|x86
		{2A8F6B51-4F41-4606-9C74-90C1521A82F2}.Debug|ARM.ActiveCfg = Debug|ARM
		{2A8F6B51-4F41-4606-9C74-90C1521A82F2}.Debug|ARM.Build.0 = Debug|ARM
		{2A8F6B51-4F41-4606-9C74-90C1521A82F2}.Debug|ARM64.ActiveCfg = Debug|ARM64
		{2A8F6B51-4F41-4606-9C74-90C1521A82F2}.Debug|ARM64.Build.0 = Debug|ARM64
		{2A8F6B51-4F41-4606-9C74-90C1521A82F2}.Debug|x64.ActiveCfg = Debug|x64
		{2A8F6B51-4F41-4606-9C74-90C1521A82F2}.Debug|x64.Build.0 = Debug|x64
		{2A8F6B51-4F41-4606-9C74-90C1521A82F2}.Debug|x86.ActiveCfg = Debug|x86
		{2A8F6B51-4F41-4606-9C74-90C1521A82F2}.Debug|x86.Build.0 = Debug|x86
		{2A8F6B51-4F41-4606-9C74-90C1521A82F2}.Release|ARM.ActiveCfg = Release|ARM
		{2A8F6B51-4F41-4606-9C74-90C1521A82F2}.Release|ARM.Build.0 = Release|ARM
		{2A8F6B51-4F41-4606-9C74-90C1521A82F2}.Release|ARM64.ActiveCfg = Release|ARM64
		{2A8F6B51-4F41-4606-9C74-90C1521A82F2}.Release|ARM64.Build.0 = Release|ARM64
		{2A8F6B51-4F41-4606-9C74-90C1521A82F2}.Release|x64.ActiveCfg = Release|x64
		{2A8F6B51-4F41-4606-9C74-90C1521A82F2}.Release|x64.Build.0 = Release|x64
		{2A8F6B51-4F41-4606-9C74-90C1521A82F2}.Release|x86.ActiveCfg = Release|x86
		{2A8F6B51-4F41-4606-9C74-90C1521A82F2}.Release|x86.Build.0 = Release|x86
		{92B5286A-C568-4AE1-8886-737FB4EFE550}.Debug|ARM.ActiveCfg = Debug|ARM
		{92B5286A-C568-4AE1-8886-737FB4EFE550}.Debug|ARM.Build.0 = Debug|ARM
		{92B5286A-C568-4AE1-8886-737FB4EFE550}.Debug|ARM64.ActiveCfg = Debug|ARM64
		{92B5286A-C568-4AE1-8886-737FB4EFE550}.Debug|ARM64.Build.0 = Debug|ARM64
		{92B5286A-C568-4AE1-8886-737FB4EFE550}.Debug|x64.ActiveCfg = Debug|x64
		{92B5286A-C568-4AE1-8886-737FB4EFE550}.Debug|x64.Build.0 = Debug|x64
		{92B5286A-C568-4AE1-8886-737FB4EFE550}.Debug|x86.ActiveCfg = Debug|x86
		{92B5286A-C568-4AE1-8886-737FB4EFE550}.Debug|x86.Build.0 = Debug|x86
		{92B5286A-C568-4AE1-8886-737FB4EFE550}.Release|ARM.ActiveCfg = Release|ARM
		{92B5286A-C568-4AE1-8886-737FB4EFE550}.Release|ARM.Build.0 = Release|ARM
		{92B5286A-C568-4AE1-8886-737FB4EFE550}.Release|ARM64.ActiveCfg = Release|ARM64
		{92B5286A-C568-4AE1-8886-737FB4EFE550}.Release|ARM64.Build.0 = Release|ARM64
		{92B5286A-C568-4AE1-8886-737FB4EFE550}.Release|x64.ActiveCfg = Release|x64
		{92B5286A-C568-4AE1-8886-737FB4EFE550}.Release|x64.Build.0 = Release|x64
		{92B5286A-C568-4AE1-8886-737FB4EFE550}.Release|x86.ActiveCfg = Release|x86
		{92B5286A-C568-4AE1-8886-737FB4EFE550}.Release|x86.Build.0 = Release|x86
		{5B87514F-EAF1-49C6-923B-3C98DF66F408}.Debug|ARM.ActiveCfg = Debug|ARM
		{5B87514F-EAF1-49C6-923B-3C98DF66F408}.Debug|ARM.Build.0 = Debug|ARM
		{5B87514F-EAF1-49C6-923B-3C98DF66F408}.Debug|ARM64.ActiveCfg = Debug|ARM64
		{5B87514F-EAF1-49C6-923B-3C98DF66F408}.Debug|ARM64.Build.0 = Debug|ARM64
		{5B87514F-EAF1-49C6-923B-3C98DF66F408}.Debug|x64.ActiveCfg = Debug|x64
		{5B87514F-EAF1-49C6-923B-3C98DF66F408}.Debug|x64.Build.0 = Debug|x64
		{5B87514F-EAF1-49C6-923B-3C98DF66F408}.Debug|x86.ActiveCfg = Debug|x86
		{5B87514F-EAF1-49C6-923B-3C98DF66F408}.Debug|x86.Build.0 = Debug|x86
		{5B87514F-EAF1-49C6-923B-3C98DF66F408}.Release|ARM.ActiveCfg = Release|ARM
		{5B87514F-EAF1-49C6-923B-3C98DF66F408}.Release|ARM.Build.0 = Release|ARM
		{5B87514F-EAF1-49C6-923B-3C98DF66F408}.Release|ARM64.ActiveCfg = Release|ARM64
		{5B87514F-EAF1-49C6-923B-3C98DF66F408}.Release|ARM64.Build.0 = Release|ARM64
		{5B87514F-EAF1-49C6-923B-3C98DF66F408}.Release|x64.ActiveCfg = Release|x64
		{5B87514F-EAF1-49C6-923B-3C98DF66F408}.Release|x64.Build.0 = Release|x64
		{5B87514F-EAF1-49C6-923B-3C98DF66F408}.Release|x86.ActiveCfg = Release|x86
		{5B87514F-EAF1-49C6-923B-3C98DF66F408}.Release|x86.Build.0 = Release|x86
		{929CACFA-FD32-4E98-8F24-129123153A23}.Debug|ARM.ActiveCfg = Debug|ARM
		{929CACFA-FD32-4E98-8F24-129123153A23}.Debug|ARM.Build.0 = Debug|ARM
		{929CACFA-FD32-4E98-8F24-129123153A23}.Debug|ARM64.ActiveCfg = Debug|ARM64
		{929CACFA-FD32-4E98-8F24-129123153A23}.Debug|ARM64.Build.0 = Debug|ARM64
		{929CACFA-FD32-4E98-8F24-129123153A23}.Debug|x64.ActiveCfg = Debug|x64
		{929CACFA-FD32-4E98-8F24-129123153A23}.Debug|x64.Build.0 = Debug|x64
		{929CACFA-FD32-4E98-8F24-129123153A23}.Debug|x86.ActiveCfg = Debug|x86
		{929CACFA-FD32-4E98-8F24-129123153A23}.Debug|x86.Build.0 = Debug|x86
		{929CACFA-FD32-4E98-8F24-129123153A23}.Release|ARM.ActiveCfg = Release|ARM
		{929CACFA-FD32-4E98-8F24-129123153A23}.Release|ARM.Build.0 = Release|ARM
		{929CACFA-FD32-4E98-8F24-129123153A23}.Release|ARM64.ActiveCfg = Release|ARM64
		{929CACFA-FD32-4E98-8F24-129123153A23}.Release|ARM64.Build.0 = Release|ARM64
		{929CACFA-FD32-4E98-8F24-129123153A23}.Release|x64.ActiveCfg = Release|x64
		{929CACFA-FD32-4E98-8F24-129123153A23}.Release|x64.Build.0 = Release|x64
		{929CACFA-FD32-4E98-8F24-129123153A23}.Release|x86.ActiveCfg = Release|x86
		{929CACFA-FD32-4E98-8F24-129123153A23}.Release|x86.Build.0 = Release|x86
		{6DA1FF99-0049-48BE-9E12-D9459233471F}.Debug|ARM.ActiveCfg = Debug|ARM
		{6DA1FF99-0049-48BE-9E12-D9459233471F}.Debug|ARM.Build.0 = Debug|ARM
		{6DA1FF99-0049-48BE-9E12-D9459233471F}.Debug|ARM64.ActiveCfg = Debug|ARM64
		{6DA1FF99-0049-48BE-9E12-D9459233471F}.Debug|ARM64.Build.0 = Debug|ARM64
		{6DA1FF99-0049-48BE-9E12-D9459233471F}.Debug|x64.ActiveCfg = Debug|x64
		{6DA1FF99-0049-48BE-9E12-D9459233471F}.Debug|x64.Build.0 = Debug|x64
		{6DA1FF99-0049-48BE-9E12-D9459233471F}.Debug|x86.ActiveCfg = Debug|x86
		{6DA1FF99-0049-48BE-9E12-D9459233471F}.Debug|x86.Build.0 = Debug|x86
		{6DA1FF99-0049-48BE-9E12-D9459233471F}.Release|ARM.ActiveCfg = Release|ARM
		{6DA1FF99-0049-48BE-9E12-D9459233471F}.Release|ARM.Build.0 = Release|ARM
		{6DA1FF99-0049-48BE-9E12-D9459233471F}.Release|ARM64.ActiveCfg = Release|ARM64
		{6DA1FF99-0049-48BE-9E12-D9459233471F}.Release|ARM64.Build.0 = Release|ARM64
		{6DA1FF99-0049-48BE-9E12-D9459233471F}.Release|x64.ActiveCfg = Release|x64
		{6DA1FF99-0049-48BE-9E12-D9459233471F}.Release|x64.Build.0 = Release|x64
		{6DA1FF99-0049-48BE-9E12-D9459233471F}.Release|x86.ActiveCfg = Release|x86
		{6DA1FF99-0049-48BE-9E12-D9459233471F}.Release|x86.Build.0 = Release|x86
		{10A483CD-02D7-4D96-8020-5D8544A0208D}.Debug|ARM.ActiveCfg = Debug|ARM
		{10A483CD-02D7-4D96-8020-5D8544A0208D}.Debug|ARM.Build.0 = Debug|ARM
		{10A483CD-02D7-4D96-8020-5D8544A0208D}.Debug|ARM64.ActiveCfg = Debug|ARM64
		{10A483CD-02D7-4D96-8020-5D8544A0208D}.Debug|ARM64.Build.0 = Debug|ARM64
		{10A483CD-02D7-4D96-8020-5D8544A0208D}.Debug|x64.ActiveCfg = Debug|x64
		{10A483CD-02D7-4D96-8020-5D8544A0208D}.Debug|x64.Build.0 = Debug|x64
		{10A483CD-02D7-4D96-8020-5D8544A0208D}.Debug|x86.ActiveCfg = Debug|x86
		{10A483CD-02D7-4D96-8020-5D8544A0208D}.Debug|x86.Build.0 = Debug|x86
		{10A483CD-02D7-4D96-8020-5D8544A0208D}.Release|ARM.ActiveCfg = Release|ARM
		{10A483CD-02D7-4D96-8020-5D8544A0208D}.Release|ARM.Build.0 = Release|ARM
		{10A483CD-02D7-4D96-8020-5D8544A0208D}.Release|ARM64.ActiveCfg = Release|ARM64
		{10A483CD-02D7-4D96-8020-5D8544A0208D}.Release|ARM64.Build.0 = Release|ARM64
		{10A483CD-02D7-4D96-8020-5D8544A0208D}.Release|x64.ActiveCfg = Release|x64
		{10A483CD-02D7-4D96-8020-5D8544A0208D}.Release|x64.Build.0 = Release|x64
		{10A483CD-02D7-4D96-8020-5D8544A0208D}.Release|x86.ActiveCfg = Release|x86
		{10A483CD-02D7-4D96-8020-5D8544A0208D}.Release|x86.Build.0 = Release|x86
		{18623D02-4493-4297-B7DB-943F6F3B622A}.Debug|ARM.ActiveCfg = Debug|ARM
		{18623D02-4493-4297-B7DB-943F6F3B622A}.Debug|ARM.Build.0 = Debug|ARM
		{18623D02-4493-4297-B7DB-943F6F3B622A}.Debug|ARM64.ActiveCfg = Debug|ARM64
		{18623D02-4493-4297-B7DB-943F6F3B622A}.Debug|ARM64.Build.0 = Debug|ARM64
		{18623D02-4493-4297-B7DB-943F6F3B622A}.Debug|x64.ActiveCfg = Debug|x64
		{18623D02-4493-4297-B7DB-943F6F3B622A}.Debug|x64.Build.0 = Debug|x64
		{18623D02-4493-4297-B7DB-943F6F3B622A}.Debug|x86.ActiveCfg = Debug|x86
		{18623D02-4493-4297-B7DB-943F6F3B622A}.Debug|x86.Build.0 = Debug|x86
		{18623D02-4493-4297-B7DB-943F6F3B622A}.Release|ARM.ActiveCfg = Release|ARM
		{18623D02-4493-4297-B7DB-943F6F3B622A}.Release|ARM.Build.0 = Release|ARM
		{18623D02-4493-4297-B7DB-943F6F3B622A}.Release|ARM64.ActiveCfg = Release|ARM64
		{18623D02-4493-4297-B7DB-943F6F3B622A}.Release|ARM64.Build.0 = Release|ARM64
		{18623D02-4493-4297-B7DB-943F6F3B622A}.Release|x64.ActiveCfg = Release|x64
		{18623D02-4493-4297-B7DB-943F6F3B622A}.Release|x64.Build.0 = Release|x64
		{18623D02-4493-4297-B7DB-943F6F3B622A}.Release|x86.ActiveCfg = Release|x86
		{18623D02-4493-4297-B7DB-943F6F3B622A}.Release|x86.Build.0 = Release|x86
		{8111AC5B-4ADD-47D9-B72F-D314030BBD66}.Debug|ARM.ActiveCfg = Debug|ARM
		{8111AC5B-4ADD-47D9-B72F-D314030BBD66}.Debug|ARM.Build.0 = Debug|ARM
		{8111AC5B-4ADD-47D9-B72F-D314030BBD66}.Debug|ARM64.ActiveCfg = Debug|ARM64
		{8111AC5B-4ADD-47D9-B72F-D314030BBD66}.Debug|ARM64.Build.0 = Debug|ARM64
		{8111AC5B-4ADD-47D9-B72F-D314030BBD66}.Debug|x64.ActiveCfg = Debug|x64
		{8111AC5B-4ADD-47D9-B72F-D314030BBD66}.Debug|x64.Build.0 = Debug|x64
		{8111AC5B-4ADD-47D9-B72F-D314030BBD66}.Debug|x86.ActiveCfg = Debug|x86
		{8111AC5B-4ADD-47D9-B72F-D314030BBD66}.Debug|x86.Build.0 = Debug|x86
		{8111AC5B-4ADD-47D9-B72F-D314030BBD66}.Release|ARM.ActiveCfg = Release|ARM
		{8111AC5B-4ADD-47D9-B72F-D314030BBD66}.Release|ARM.Build.0 = Release|ARM
		{8111AC5B-4ADD-47D9-B72F-D314030BBD66}.Release|ARM64.ActiveCfg = Release|ARM64
		{8111AC5B-4ADD-47D9-B72F-D314030BBD66}.Release|ARM64.Build.0 = Release|ARM64
		{8111AC5B-4ADD-47D9-B72F-D314030BBD66}.Release|x64.ActiveCfg = Release|x64
		{8111AC5B-4ADD-47D9-B72F-D314030BBD66}.Release|x64.Build.0 = Release|x64
		{8111AC5B-4ADD-47D9-B72F-D314030BBD66}.Release|x86.ActiveCfg = Release|x86
		{8111AC5B-4ADD-47D9-B72F-D314030BBD66}.Release|x86.Build.0 = Release|x86
		{AF2DEEF4-5290-4BD2-A4C5-6B41F94630E1}.Debug|ARM.ActiveCfg = Debug|ARM
		{AF2DEEF4-5290-4BD2-A4C5-6B41F94630E1}.Debug|ARM.Build.0 = Debug|ARM
		{AF2DEEF4-5290-4BD2-A4C5-6B41F94630E1}.Debug|ARM64.ActiveCfg = Debug|ARM64
		{AF2DEEF4-5290-4BD2-A4C5-6B41F94630E1}.Debug|ARM64.Build.0 = Debug|ARM64
		{AF2DEEF4-5290-4BD2-A4C5-6B41F94630E1}.Debug|x64.ActiveCfg = Debug|x64
		{AF2DEEF4-5290-4BD2-A4C5-6B41F94630E1}.Debug|x64.Build.0 = Debug|x64
		{AF2DEEF4-5290-4BD2-A4C5-6B41F94630E1}.Debug|x86.ActiveCfg = Debug|x86
		{AF2DEEF4-5290-4BD2-A4C5-6B41F94630E1}.Debug|x86.Build.0 = Debug|x86
		{AF2DEEF4-5290-4BD2-A4C5-6B41F94630E1}.Release|ARM.ActiveCfg = Release|ARM
		{AF2DEEF4-5290-4BD2-A4C5-6B41F94630E1}.Release|ARM.Build.0 = Release|ARM
		{AF2DEEF4-5290-4BD2-A4C5-6B41F94630E1}.Release|ARM64.ActiveCfg = Release|ARM64
		{AF2DEEF4-5290-4BD2-A4C5-6B41F94630E1}.Release|ARM64.Build.0 = Release|ARM64
		{AF2DEEF4-5290-4BD2-A4C5-6B41F94630E1}.Release|x64.ActiveCfg = Release|x64
		{AF2DEEF4-5290-4BD2-A4C5-6B41F94630E1}.Release|x64.Build.0 = Release|x64
		{AF2DEEF4-5290-4BD2-A4C5-6B41F94630E1}.Release|x86.ActiveCfg = Release|x86
		{AF2DEEF4-5290-4BD2-A4C5-6B41F94630E1}.Release|x86.Build.0 = Release|x86
		{28607B1B-F7F2-42A8-BDB4-E3A766E592C4}.Debug|ARM.ActiveCfg = Debug|ARM
		{28607B1B-F7F2-42A8-BDB4-E3A766E592C4}.Debug|ARM.Build.0 = Debug|ARM
		{28607B1B-F7F2-42A8-BDB4-E3A766E592C4}.Debug|ARM64.ActiveCfg = Debug|ARM64
		{28607B1B-F7F2-42A8-BDB4-E3A766E592C4}.Debug|ARM64.Build.0 = Debug|ARM64
		{28607B1B-F7F2-42A8-BDB4-E3A766E592C4}.Debug|x64.ActiveCfg = Debug|x64
		{28607B1B-F7F2-42A8-BDB4-E3A766E592C4}.Debug|x64.Build.0 = Debug|x64
		{28607B1B-F7F2-42A8-BDB4-E3A766E592C4}.Debug|x86.ActiveCfg = Debug|x86
		{28607B1B-F7F2-42A8-BDB4-E3A766E592C4}.Debug|x86.Build.0 = Debug|x86
		{28607B1B-F7F2-42A8-BDB4-E3A766E592C4}.Release|ARM.ActiveCfg = Release|ARM
		{28607B1B-F7F2-42A8-BDB4-E3A766E592C4}.Release|ARM.Build.0 = Release|ARM
		{28607B1B-F7F2-42A8-BDB4-E3A766E592C4}.Release|ARM64.ActiveCfg = Release|ARM64
		{28607B1B-F7F2-42A8-BDB4-E3A766E592C4}.Release|ARM64.Build.0 = Release|ARM64
		{28607B1B-F7F2-42A8-BDB4-E3A766E592C4}.Release|x64.ActiveCfg = Release|x64
		{28607B1B-F7F2-42A8-BDB4-E3A766E592C4}.Release|x64.Build.0 = Release|x64
		{28607B1B-F7F2-42A8-BDB4-E3A766E592C4}.Release|x86.ActiveCfg = Release|x86
		{28607B1B-F7F2-42A8-BDB4-E3A766E592C4}.Release|x86.Build.0 = Release|x86
		{D9242EAB-7796-4E2F-9937-A5F63504E0B4}.Debug|ARM.ActiveCfg = Debug|ARM
		{D9242EAB-7796-4E2F-9937-A5F63504E0B4}.Debug|ARM.Build.0 = Debug|ARM
		{D9242EAB-7796-4E2F-9937-A5F63504E0B4}.Debug|ARM64.ActiveCfg = Debug|ARM64
		{D9242EAB-7796-4E2F-9937-A5F63504E0B4}.Debug|ARM64.Build.0 = Debug|ARM64
		{D9242EAB-7796-4E2F-9937-A5F63504E0B4}.Debug|x64.ActiveCfg = Debug|x64
		{D9242EAB-7796-4E2F-9937-A5F63504E0B4}.Debug|x64.Build.0 = Debug|x64
		{D9242EAB-7796-4E2F-9937-A5F63504E0B4}.Debug|x86.ActiveCfg = Debug|x86
		{D9242EAB-7796-4E2F-9937-A5F63504E0B4}.Debug|x86.Build.0 = Debug|x86
		{D9242EAB-7796-4E2F-9937-A5F63504E0B4}.Release|ARM.ActiveCfg = Release|ARM
		{D9242EAB-7796-4E2F-9937-A5F63504E0B4}.Release|ARM.Build.0 = Release|ARM
		{D9242EAB-7796-4E2F-9937-A5F63504E0B4}.Release|ARM64.ActiveCfg = Release|ARM64
		{D9242EAB-7796-4E2F-9937-A5F63504E0B4}.Release|ARM64.Build.0 = Release|ARM64
		{D9242EAB-7796-4E2F-9937-A5F63504E0B4}.Release|x64.ActiveCfg = Release|x64
		{D9242EAB-7796-4E2F-9937-A5F63504E0B4}.Release|x64.Build.0 = Release|x64
		{D9242EAB-7796-4E2F-9937-A5F63504E0B4}.Release|x86.ActiveCfg = Release|x86
		{D9242EAB-7796-4E2F-9937-A5F63504E0B4}.Release|x86.Build.0 = Release|x86
	EndGlobalSection
	GlobalSection(SolutionProperties) = preSolution
		HideSolutionNode = FALSE
	EndGlobalSection
	GlobalSection(NestedProjects) = preSolution
		{6DEC7E49-A3F1-4D83-9FFA-06B5A93E9EC2} = {3DD25C0F-B57D-4770-ACE6-116BE169A8E6}
		{EF5FDDA7-597A-4702-8ADD-A6D4645A1046} = {3DD25C0F-B57D-4770-ACE6-116BE169A8E6}
		{DD906D28-8760-4B9D-9C24-AA53B4D6CEC2} = {638D7838-6B88-4846-8FF3-0D18106CB1E2}
		{CE772C38-7563-4B69-9888-D2825CF69496} = {638D7838-6B88-4846-8FF3-0D18106CB1E2}
		{5E6399AC-610F-42E1-B604-2006F2695091} = {02B81051-32CE-43ED-89C0-A2C80BB86F3E}
		{0304B3D8-3AF1-4E14-AAAE-0753CFEDB9C4} = {02B81051-32CE-43ED-89C0-A2C80BB86F3E}
		{540B9842-F8E6-4A28-B7DE-95F62F859DB5} = {37231427-AD78-413D-B0C6-3F5E5DE69586}
		{EE16515B-B704-4F1B-9C3B-EB9F61C07ACE} = {37231427-AD78-413D-B0C6-3F5E5DE69586}
		{DB377249-9D4C-4BA1-8636-044973FDCA1D} = {F18FE759-2629-4BA8-8325-B0FA66A1C838}
		{7E853BD3-5686-42FE-BDCC-07079149BFBD} = {F18FE759-2629-4BA8-8325-B0FA66A1C838}
		{46F6D9B9-C825-47D5-80D7-7BBF6C97B8C9} = {F9BA6608-0FF2-465C-BFDD-C383807F15A4}
		{2A8F6B51-4F41-4606-9C74-90C1521A82F2} = {F9BA6608-0FF2-465C-BFDD-C383807F15A4}
		{92B5286A-C568-4AE1-8886-737FB4EFE550} = {9A9676FD-DE90-4B40-AC7A-B7F78AEB9A3C}
		{5B87514F-EAF1-49C6-923B-3C98DF66F408} = {9A9676FD-DE90-4B40-AC7A-B7F78AEB9A3C}
		{929CACFA-FD32-4E98-8F24-129123153A23} = {0B4432A1-8638-4DC4-8656-8F9976CCF687}
		{6DA1FF99-0049-48BE-9E12-D9459233471F} = {304DCCA2-49FC-4608-8B1B-86F21963556F}
		{10A483CD-02D7-4D96-8020-5D8544A0208D} = {253A1DAB-9B8B-445C-B3E4-F96658D4E583}
		{18623D02-4493-4297-B7DB-943F6F3B622A} = {253A1DAB-9B8B-445C-B3E4-F96658D4E583}
		{253A1DAB-9B8B-445C-B3E4-F96658D4E583} = {7E53C481-92EC-4ADA-801B-33F770FA192D}
		{F18FE759-2629-4BA8-8325-B0FA66A1C838} = {7E53C481-92EC-4ADA-801B-33F770FA192D}
		{9A9676FD-DE90-4B40-AC7A-B7F78AEB9A3C} = {7E53C481-92EC-4ADA-801B-33F770FA192D}
		{37231427-AD78-413D-B0C6-3F5E5DE69586} = {7E53C481-92EC-4ADA-801B-33F770FA192D}
		{F9BA6608-0FF2-465C-BFDD-C383807F15A4} = {7E53C481-92EC-4ADA-801B-33F770FA192D}
		{638D7838-6B88-4846-8FF3-0D18106CB1E2} = {7E53C481-92EC-4ADA-801B-33F770FA192D}
		{3DD25C0F-B57D-4770-ACE6-116BE169A8E6} = {7E53C481-92EC-4ADA-801B-33F770FA192D}
		{02B81051-32CE-43ED-89C0-A2C80BB86F3E} = {7E53C481-92EC-4ADA-801B-33F770FA192D}
		{304DCCA2-49FC-4608-8B1B-86F21963556F} = {CC14FD1D-C788-4C21-9985-AEF604D3E2AF}
		{7898E17A-10DC-4547-8C7C-0095CA8A2C9A} = {7E53C481-92EC-4ADA-801B-33F770FA192D}
		{8111AC5B-4ADD-47D9-B72F-D314030BBD66} = {7898E17A-10DC-4547-8C7C-0095CA8A2C9A}
		{AF2DEEF4-5290-4BD2-A4C5-6B41F94630E1} = {7898E17A-10DC-4547-8C7C-0095CA8A2C9A}
		{1B7C9093-8F7E-4025-AE2F-4710907A6603} = {CC14FD1D-C788-4C21-9985-AEF604D3E2AF}
		{28607B1B-F7F2-42A8-BDB4-E3A766E592C4} = {1B7C9093-8F7E-4025-AE2F-4710907A6603}
		{0B4432A1-8638-4DC4-8656-8F9976CCF687} = {CC14FD1D-C788-4C21-9985-AEF604D3E2AF}
		{D9242EAB-7796-4E2F-9937-A5F63504E0B4} = {0B4432A1-8638-4DC4-8656-8F9976CCF687}
	EndGlobalSection
	GlobalSection(ExtensibilityGlobals) = postSolution
		SolutionGuid = {3465C426-7E10-4D74-814E-D2BEDA3745F1}
	EndGlobalSection
EndGlobal
