<?xml version="1.0" encoding="utf-8"?>
<Project ToolsVersion="4.0" xmlns="http://schemas.microsoft.com/developer/msbuild/2003">
  <ItemGroup>
    <ClCompile Include="AndroidUserItemSink.cpp">
      <Filter>Game_zjh</Filter>
    </ClCompile>
    <ClCompile Include="main.cpp" />
    <ClCompile Include="..\..\proto\zjh.Message.pb.cc">
      <Filter>pb</Filter>
    </ClCompile>
    <ClCompile Include="AndroidConfig.cpp">
      <Filter>Game_zjh</Filter>
    </ClCompile>
    <ClCompile Include="..\QPAlgorithm\cfg.cpp">
      <Filter>Game_zjh</Filter>
    </ClCompile>
    <ClCompile Include="..\..\public\weights.cpp">
      <Filter>Game_zjh</Filter>
    </ClCompile>
    <ClCompile Include="..\QPAlgorithm\zjh.cpp">
      <Filter>Game_zjh</Filter>
    </ClCompile>
  </ItemGroup>
  <ItemGroup>
    <Filter Include="pb">
      <UniqueIdentifier>{7893c805-908d-4170-a7bc-b0cc2e43ea19}</UniqueIdentifier>
    </Filter>
    <Filter Include="Game_zjh">
      <UniqueIdentifier>{c779ba70-f23a-4a34-8e4a-08511821563a}</UniqueIdentifier>
    </Filter>
  </ItemGroup>
  <ItemGroup>
    <ClInclude Include="AndroidUserItemSink.h">
      <Filter>Game_zjh</Filter>
    </ClInclude>
    <ClInclude Include="..\..\proto\zjh.Message.pb.h">
      <Filter>pb</Filter>
    </ClInclude>
    <ClInclude Include="AndroidConfig.h">
      <Filter>Game_zjh</Filter>
    </ClInclude>
    <ClInclude Include="..\QPAlgorithm\cfg.h">
      <Filter>Game_zjh</Filter>
    </ClInclude>
    <ClInclude Include="..\..\public\Random.h">
      <Filter>Game_zjh</Filter>
    </ClInclude>
    <ClInclude Include="..\Game_zjh\MSG_ZJH.h">
      <Filter>Game_zjh</Filter>
    </ClInclude>
    <ClInclude Include="..\..\public\weights.h">
      <Filter>Game_zjh</Filter>
    </ClInclude>
    <ClInclude Include="..\QPAlgorithm\zjh.h">
      <Filter>Game_zjh</Filter>
    </ClInclude>
  </ItemGroup>
</Project>