<?xml version="1.0" encoding="utf-8"?>
<Project xmlns="http://schemas.microsoft.com/developer/msbuild/2003">
  <ItemGroup>
    <Filter Include="Header Files">
      <UniqueIdentifier>{93995380-89BD-4b04-88EB-625FBE52EBFB}</UniqueIdentifier>
      <Extensions>h;hpp;hxx;hm;inl;inc;xsd</Extensions>
    </Filter>
    <Filter Include="Header Files">
      <UniqueIdentifier>{93995380-89BD-4b04-88EB-625FBE52EBFB}</UniqueIdentifier>
      <Extensions>h;hpp;hxx;hm;inl;inc;xsd</Extensions>
    </Filter>
    <Filter Include="Source Files">
      <UniqueIdentifier>{4FC737F1-C7A5-4376-A066-2A32D752A2FF}</UniqueIdentifier>
      <Extensions>cpp;c;cxx;def;odl;idl;hpj;bat;asm;asmx</Extensions>
    </Filter>
    <Filter Include="Source Files">
      <UniqueIdentifier>{4FC737F1-C7A5-4376-A066-2A32D752A2FF}</UniqueIdentifier>
      <Extensions>cpp;c;cxx;def;odl;idl;hpj;bat;asm;asmx</Extensions>
    </Filter>
  </ItemGroup>
  <ItemGroup>
    <ClCompile Include="D:\share\SvnH5Server\Games\Game_Erqs_score_android\AndroidUserItemSink.cpp">
      <Filter>Source Files</Filter>
    </ClCompile>
    <ClCompile Include="D:\share\SvnH5Server\Games\Game_Erqs\CPart.cpp">
      <Filter>Source Files</Filter>
    </ClCompile>
    <ClCompile Include="D:\share\SvnH5Server\Games\Game_Erqs\CTable.cpp">
      <Filter>Source Files</Filter>
    </ClCompile>
    <ClCompile Include="D:\share\SvnH5Server\Games\Game_Erqs\CTableMgr.cpp">
      <Filter>Source Files</Filter>
    </ClCompile>
    <ClCompile Include="D:\share\SvnH5Server\Games\Game_Erqs\ComposeTypeCheckers.cpp">
      <Filter>Source Files</Filter>
    </ClCompile>
    <ClCompile Include="D:\share\SvnH5Server\proto\Erqs.Message.pb.cc">
      <Filter>Source Files</Filter>
    </ClCompile>
    <ClCompile Include="D:\share\SvnH5Server\Games\Game_Erqs\GamePlayer.cpp">
      <Filter>Source Files</Filter>
    </ClCompile>
    <ClCompile Include="D:\share\SvnH5Server\public\GameTimer.cpp">
      <Filter>Source Files</Filter>
    </ClCompile>
    <ClCompile Include="D:\share\SvnH5Server\public\GlobalFunc.cpp">
      <Filter>Source Files</Filter>
    </ClCompile>
    <ClCompile Include="D:\share\SvnH5Server\Games\Game_Erqs\MjAlgorithm.cpp">
      <Filter>Source Files</Filter>
    </ClCompile>
    <ClCompile Include="D:\share\SvnH5Server\public\weights.cpp">
      <Filter>Source Files</Filter>
    </ClCompile>
  </ItemGroup>
  <ItemGroup>
    <ClInclude Include="..\..\public\AndroidUserItem.h">
      <Filter>Header Files</Filter>
    </ClInclude>
    <ClInclude Include="AndroidUserItemSink.h">
      <Filter>Header Files</Filter>
    </ClInclude>
    <ClInclude Include="..\Game_Erqs\CPart.h">
      <Filter>Header Files</Filter>
    </ClInclude>
    <ClInclude Include="..\Game_Erqs\CTable.h">
      <Filter>Header Files</Filter>
    </ClInclude>
    <ClInclude Include="..\Game_Erqs\CTableMgr.h">
      <Filter>Header Files</Filter>
    </ClInclude>
    <ClInclude Include="..\..\proto\Erqs.Message.pb.h">
      <Filter>Header Files</Filter>
    </ClInclude>
    <ClInclude Include="..\Game_Erqs\GameDefine.h">
      <Filter>Header Files</Filter>
    </ClInclude>
    <ClInclude Include="..\Game_Erqs\GamePlayer.h">
      <Filter>Header Files</Filter>
    </ClInclude>
    <ClInclude Include="..\..\public\GameTimer.h">
      <Filter>Header Files</Filter>
    </ClInclude>
    <ClInclude Include="..\..\public\GlobalFunc.h">
      <Filter>Header Files</Filter>
    </ClInclude>
    <ClInclude Include="..\..\public\IAndroidUserItemSink.h">
      <Filter>Header Files</Filter>
    </ClInclude>
    <ClInclude Include="..\..\public\IServerUserItem.h">
      <Filter>Header Files</Filter>
    </ClInclude>
    <ClInclude Include="..\..\public\ITableFrame.h">
      <Filter>Header Files</Filter>
    </ClInclude>
    <ClInclude Include="..\Game_Erqs\MjAlgorithm.h">
      <Filter>Header Files</Filter>
    </ClInclude>
  </ItemGroup>
</Project>